// !$*UTF8*$!
{
	archiveVersion = 1;
	classes = {
	};
	objectVersion = 51;
	objects = {

/* Begin PBXBuildFile section */
		9E17CFD5B8D1AF6BBCCA787A /* Pods_ios_contacts_app.framework in Frameworks */ = {isa = PBXBuildFile; fileRef = CA46AF13AF221AFE227F103A /* Pods_ios_contacts_app.framework */; };
		F7FDBE32232A6C0500BA15E5 /* AppDelegate.swift in Sources */ = {isa = PBXBuildFile; fileRef = F7FDBE31232A6C0500BA15E5 /* AppDelegate.swift */; };
		F7FDBE39232A6C0500BA15E5 /* Assets.xcassets in Resources */ = {isa = PBXBuildFile; fileRef = F7FDBE38232A6C0500BA15E5 /* Assets.xcassets */; };
		F7FDBE3C232A6C0500BA15E5 /* LaunchScreen.storyboard in Resources */ = {isa = PBXBuildFile; fileRef = F7FDBE3A232A6C0500BA15E5 /* LaunchScreen.storyboard */; };
		F7FDBE45232B3FD400BA15E5 /* Coordinator.swift in Sources */ = {isa = PBXBuildFile; fileRef = F7FDBE44232B3FD400BA15E5 /* Coordinator.swift */; };
		F7FDBE48232B400400BA15E5 /* AppCoordinator.swift in Sources */ = {isa = PBXBuildFile; fileRef = F7FDBE47232B400400BA15E5 /* AppCoordinator.swift */; };
		F7FDBE4F232B427B00BA15E5 /* ContactEditViewController.swift in Sources */ = {isa = PBXBuildFile; fileRef = F7FDBE4D232B427B00BA15E5 /* ContactEditViewController.swift */; };
		F7FDBE50232B427B00BA15E5 /* ContactEditViewController.xib in Resources */ = {isa = PBXBuildFile; fileRef = F7FDBE4E232B427B00BA15E5 /* ContactEditViewController.xib */; };
		F7FDBE52232B428C00BA15E5 /* ContactEditViewModel.swift in Sources */ = {isa = PBXBuildFile; fileRef = F7FDBE51232B428C00BA15E5 /* ContactEditViewModel.swift */; };
		F7FDBE54232B429F00BA15E5 /* ContactEditCoordinator.swift in Sources */ = {isa = PBXBuildFile; fileRef = F7FDBE53232B429F00BA15E5 /* ContactEditCoordinator.swift */; };
		F7FDBE57232B43CD00BA15E5 /* Dynamic.swift in Sources */ = {isa = PBXBuildFile; fileRef = F7FDBE56232B43CD00BA15E5 /* Dynamic.swift */; };
		F7FDBE5A232B479500BA15E5 /* ContactDetailsViewController.swift in Sources */ = {isa = PBXBuildFile; fileRef = F7FDBE58232B479500BA15E5 /* ContactDetailsViewController.swift */; };
		F7FDBE5B232B479500BA15E5 /* ContactDetailsViewController.xib in Resources */ = {isa = PBXBuildFile; fileRef = F7FDBE59232B479500BA15E5 /* ContactDetailsViewController.xib */; };
		F7FDBE5D232B47CA00BA15E5 /* ContactDetailsViewModel.swift in Sources */ = {isa = PBXBuildFile; fileRef = F7FDBE5C232B47CA00BA15E5 /* ContactDetailsViewModel.swift */; };
		F7FDBE5F232B480500BA15E5 /* ContactDetailsCoordinator.swift in Sources */ = {isa = PBXBuildFile; fileRef = F7FDBE5E232B480500BA15E5 /* ContactDetailsCoordinator.swift */; };
		F7FDBE62232B48E800BA15E5 /* ContactsListViewController.swift in Sources */ = {isa = PBXBuildFile; fileRef = F7FDBE60232B48E800BA15E5 /* ContactsListViewController.swift */; };
		F7FDBE63232B48E800BA15E5 /* ContactsListViewController.xib in Resources */ = {isa = PBXBuildFile; fileRef = F7FDBE61232B48E800BA15E5 /* ContactsListViewController.xib */; };
		F7FDBE65232B494400BA15E5 /* ContactsListViewModel.swift in Sources */ = {isa = PBXBuildFile; fileRef = F7FDBE64232B494400BA15E5 /* ContactsListViewModel.swift */; };
		F7FDBE67232B495500BA15E5 /* ContactsListCoordinator.swift in Sources */ = {isa = PBXBuildFile; fileRef = F7FDBE66232B495500BA15E5 /* ContactsListCoordinator.swift */; };
		F7FDBE69232B6FA000BA15E5 /* RingtonePickerView.swift in Sources */ = {isa = PBXBuildFile; fileRef = F7FDBE68232B6FA000BA15E5 /* RingtonePickerView.swift */; };
		F7FDBE6C232B733F00BA15E5 /* Colors.swift in Sources */ = {isa = PBXBuildFile; fileRef = F7FDBE6B232B733F00BA15E5 /* Colors.swift */; };
		F7FDBE6E232B77A800BA15E5 /* RingtoneToolbarView.swift in Sources */ = {isa = PBXBuildFile; fileRef = F7FDBE6D232B77A800BA15E5 /* RingtoneToolbarView.swift */; };
		F7FDBE70232F826100BA15E5 /* RingtonePickerViewModel.swift in Sources */ = {isa = PBXBuildFile; fileRef = F7FDBE6F232F826100BA15E5 /* RingtonePickerViewModel.swift */; };
		F7FDBE72232F87F100BA15E5 /* RingtoneToolbarViewModel.swift in Sources */ = {isa = PBXBuildFile; fileRef = F7FDBE71232F87F100BA15E5 /* RingtoneToolbarViewModel.swift */; };
		F7FDBE75232F8D4700BA15E5 /* RingtoneService.swift in Sources */ = {isa = PBXBuildFile; fileRef = F7FDBE74232F8D4700BA15E5 /* RingtoneService.swift */; };
		F7FDBE77232F953D00BA15E5 /* UIColor+RGBA.swift in Sources */ = {isa = PBXBuildFile; fileRef = F7FDBE76232F953D00BA15E5 /* UIColor+RGBA.swift */; };
		F7FDBE79232F9DA000BA15E5 /* ImagePickerHandler.swift in Sources */ = {isa = PBXBuildFile; fileRef = F7FDBE78232F9DA000BA15E5 /* ImagePickerHandler.swift */; };
		F7FDBE7F23309ECF00BA15E5 /* TPKeyboardAvoidingScrollView.m in Sources */ = {isa = PBXBuildFile; fileRef = F7FDBE7D23309ECF00BA15E5 /* TPKeyboardAvoidingScrollView.m */; };
		F7FDBE8223309EF400BA15E5 /* UIScrollView+TPKeyboardAvoidingAdditions.m in Sources */ = {isa = PBXBuildFile; fileRef = F7FDBE8023309EF400BA15E5 /* UIScrollView+TPKeyboardAvoidingAdditions.m */; };
		F7FDBE842330A30F00BA15E5 /* UIViewController+inputAccessory.swift in Sources */ = {isa = PBXBuildFile; fileRef = F7FDBE832330A30F00BA15E5 /* UIViewController+inputAccessory.swift */; };
		F7FDBE882330B78A00BA15E5 /* RealmContact.swift in Sources */ = {isa = PBXBuildFile; fileRef = F7FDBE872330B78A00BA15E5 /* RealmContact.swift */; };
		F7FDBE8A2330B95A00BA15E5 /* StorageService.swift in Sources */ = {isa = PBXBuildFile; fileRef = F7FDBE892330B95A00BA15E5 /* StorageService.swift */; };
		F7FDBE8D2330B9EA00BA15E5 /* Contact.swift in Sources */ = {isa = PBXBuildFile; fileRef = F7FDBE8C2330B9EA00BA15E5 /* Contact.swift */; };
		F7FDBE91233392A300BA15E5 /* ImagePickerCoordinator.swift in Sources */ = {isa = PBXBuildFile; fileRef = F7FDBE90233392A300BA15E5 /* ImagePickerCoordinator.swift */; };
		F7FDBE9323348A2800BA15E5 /* UILocalizedIndexedCollation+PartitionObjects.swift in Sources */ = {isa = PBXBuildFile; fileRef = F7FDBE9223348A2800BA15E5 /* UILocalizedIndexedCollation+PartitionObjects.swift */; };
		F7FDBE9523349DAF00BA15E5 /* AppError.swift in Sources */ = {isa = PBXBuildFile; fileRef = F7FDBE9423349DAF00BA15E5 /* AppError.swift */; };
		F7FDBE992339BA6A00BA15E5 /* StorageService+Contacts.swift in Sources */ = {isa = PBXBuildFile; fileRef = F7FDBE982339BA6A00BA15E5 /* StorageService+Contacts.swift */; };
		F7FDBE972334A6BB00BA15E5 /* SearchResultsUpdater.swift in Sources */ = {isa = PBXBuildFile; fileRef = F7FDBE962334A6BB00BA15E5 /* SearchResultsUpdater.swift */; };
/* End PBXBuildFile section */

/* Begin PBXFileReference section */
		42318E08B1DAD402DE400A27 /* Pods-ios_contacts_app.debug.xcconfig */ = {isa = PBXFileReference; includeInIndex = 1; lastKnownFileType = text.xcconfig; name = "Pods-ios_contacts_app.debug.xcconfig"; path = "Target Support Files/Pods-ios_contacts_app/Pods-ios_contacts_app.debug.xcconfig"; sourceTree = "<group>"; };
		CA46AF13AF221AFE227F103A /* Pods_ios_contacts_app.framework */ = {isa = PBXFileReference; explicitFileType = wrapper.framework; includeInIndex = 0; path = Pods_ios_contacts_app.framework; sourceTree = BUILT_PRODUCTS_DIR; };
		F7FDBE2E232A6C0500BA15E5 /* ios_contacts_app.app */ = {isa = PBXFileReference; explicitFileType = wrapper.application; includeInIndex = 0; path = ios_contacts_app.app; sourceTree = BUILT_PRODUCTS_DIR; };
		F7FDBE31232A6C0500BA15E5 /* AppDelegate.swift */ = {isa = PBXFileReference; lastKnownFileType = sourcecode.swift; path = AppDelegate.swift; sourceTree = "<group>"; };
		F7FDBE38232A6C0500BA15E5 /* Assets.xcassets */ = {isa = PBXFileReference; lastKnownFileType = folder.assetcatalog; path = Assets.xcassets; sourceTree = "<group>"; };
		F7FDBE3B232A6C0500BA15E5 /* Base */ = {isa = PBXFileReference; lastKnownFileType = file.storyboard; name = Base; path = Base.lproj/LaunchScreen.storyboard; sourceTree = "<group>"; };
		F7FDBE3D232A6C0500BA15E5 /* Info.plist */ = {isa = PBXFileReference; lastKnownFileType = text.plist.xml; path = Info.plist; sourceTree = "<group>"; };
		F7FDBE44232B3FD400BA15E5 /* Coordinator.swift */ = {isa = PBXFileReference; lastKnownFileType = sourcecode.swift; path = Coordinator.swift; sourceTree = "<group>"; };
		F7FDBE47232B400400BA15E5 /* AppCoordinator.swift */ = {isa = PBXFileReference; lastKnownFileType = sourcecode.swift; path = AppCoordinator.swift; sourceTree = "<group>"; };
		F7FDBE4D232B427B00BA15E5 /* ContactEditViewController.swift */ = {isa = PBXFileReference; lastKnownFileType = sourcecode.swift; path = ContactEditViewController.swift; sourceTree = "<group>"; };
		F7FDBE4E232B427B00BA15E5 /* ContactEditViewController.xib */ = {isa = PBXFileReference; lastKnownFileType = file.xib; path = ContactEditViewController.xib; sourceTree = "<group>"; };
		F7FDBE51232B428C00BA15E5 /* ContactEditViewModel.swift */ = {isa = PBXFileReference; lastKnownFileType = sourcecode.swift; path = ContactEditViewModel.swift; sourceTree = "<group>"; };
		F7FDBE53232B429F00BA15E5 /* ContactEditCoordinator.swift */ = {isa = PBXFileReference; lastKnownFileType = sourcecode.swift; path = ContactEditCoordinator.swift; sourceTree = "<group>"; };
		F7FDBE56232B43CD00BA15E5 /* Dynamic.swift */ = {isa = PBXFileReference; lastKnownFileType = sourcecode.swift; path = Dynamic.swift; sourceTree = "<group>"; };
		F7FDBE58232B479500BA15E5 /* ContactDetailsViewController.swift */ = {isa = PBXFileReference; lastKnownFileType = sourcecode.swift; path = ContactDetailsViewController.swift; sourceTree = "<group>"; };
		F7FDBE59232B479500BA15E5 /* ContactDetailsViewController.xib */ = {isa = PBXFileReference; lastKnownFileType = file.xib; path = ContactDetailsViewController.xib; sourceTree = "<group>"; };
		F7FDBE5C232B47CA00BA15E5 /* ContactDetailsViewModel.swift */ = {isa = PBXFileReference; lastKnownFileType = sourcecode.swift; path = ContactDetailsViewModel.swift; sourceTree = "<group>"; };
		F7FDBE5E232B480500BA15E5 /* ContactDetailsCoordinator.swift */ = {isa = PBXFileReference; lastKnownFileType = sourcecode.swift; path = ContactDetailsCoordinator.swift; sourceTree = "<group>"; };
		F7FDBE60232B48E800BA15E5 /* ContactsListViewController.swift */ = {isa = PBXFileReference; lastKnownFileType = sourcecode.swift; path = ContactsListViewController.swift; sourceTree = "<group>"; };
		F7FDBE61232B48E800BA15E5 /* ContactsListViewController.xib */ = {isa = PBXFileReference; lastKnownFileType = file.xib; path = ContactsListViewController.xib; sourceTree = "<group>"; };
		F7FDBE64232B494400BA15E5 /* ContactsListViewModel.swift */ = {isa = PBXFileReference; lastKnownFileType = sourcecode.swift; path = ContactsListViewModel.swift; sourceTree = "<group>"; };
		F7FDBE66232B495500BA15E5 /* ContactsListCoordinator.swift */ = {isa = PBXFileReference; lastKnownFileType = sourcecode.swift; path = ContactsListCoordinator.swift; sourceTree = "<group>"; };
		F7FDBE68232B6FA000BA15E5 /* RingtonePickerView.swift */ = {isa = PBXFileReference; lastKnownFileType = sourcecode.swift; path = RingtonePickerView.swift; sourceTree = "<group>"; };
		F7FDBE6B232B733F00BA15E5 /* Colors.swift */ = {isa = PBXFileReference; lastKnownFileType = sourcecode.swift; path = Colors.swift; sourceTree = "<group>"; };
		F7FDBE6D232B77A800BA15E5 /* RingtoneToolbarView.swift */ = {isa = PBXFileReference; lastKnownFileType = sourcecode.swift; path = RingtoneToolbarView.swift; sourceTree = "<group>"; };
		F7FDBE6F232F826100BA15E5 /* RingtonePickerViewModel.swift */ = {isa = PBXFileReference; lastKnownFileType = sourcecode.swift; path = RingtonePickerViewModel.swift; sourceTree = "<group>"; };
		F7FDBE71232F87F100BA15E5 /* RingtoneToolbarViewModel.swift */ = {isa = PBXFileReference; lastKnownFileType = sourcecode.swift; path = RingtoneToolbarViewModel.swift; sourceTree = "<group>"; };
		F7FDBE74232F8D4700BA15E5 /* RingtoneService.swift */ = {isa = PBXFileReference; lastKnownFileType = sourcecode.swift; path = RingtoneService.swift; sourceTree = "<group>"; };
		F7FDBE76232F953D00BA15E5 /* UIColor+RGBA.swift */ = {isa = PBXFileReference; lastKnownFileType = sourcecode.swift; path = "UIColor+RGBA.swift"; sourceTree = "<group>"; };
		F7FDBE78232F9DA000BA15E5 /* ImagePickerHandler.swift */ = {isa = PBXFileReference; lastKnownFileType = sourcecode.swift; path = ImagePickerHandler.swift; sourceTree = "<group>"; };
		F7FDBE7D23309ECF00BA15E5 /* TPKeyboardAvoidingScrollView.m */ = {isa = PBXFileReference; fileEncoding = 4; lastKnownFileType = sourcecode.c.objc; path = TPKeyboardAvoidingScrollView.m; sourceTree = "<group>"; };
		F7FDBE7E23309ECF00BA15E5 /* TPKeyboardAvoidingScrollView.h */ = {isa = PBXFileReference; fileEncoding = 4; lastKnownFileType = sourcecode.c.h; path = TPKeyboardAvoidingScrollView.h; sourceTree = "<group>"; };
		F7FDBE8023309EF400BA15E5 /* UIScrollView+TPKeyboardAvoidingAdditions.m */ = {isa = PBXFileReference; fileEncoding = 4; lastKnownFileType = sourcecode.c.objc; path = "UIScrollView+TPKeyboardAvoidingAdditions.m"; sourceTree = "<group>"; };
		F7FDBE8123309EF400BA15E5 /* UIScrollView+TPKeyboardAvoidingAdditions.h */ = {isa = PBXFileReference; fileEncoding = 4; lastKnownFileType = sourcecode.c.h; path = "UIScrollView+TPKeyboardAvoidingAdditions.h"; sourceTree = "<group>"; };
		F7FDBE832330A30F00BA15E5 /* UIViewController+inputAccessory.swift */ = {isa = PBXFileReference; lastKnownFileType = sourcecode.swift; path = "UIViewController+inputAccessory.swift"; sourceTree = "<group>"; };
		F7FDBE852330B4A200BA15E5 /* ios_contacts_app-Bridging-Header.h */ = {isa = PBXFileReference; fileEncoding = 4; lastKnownFileType = sourcecode.c.h; path = "ios_contacts_app-Bridging-Header.h"; sourceTree = "<group>"; };
		F7FDBE872330B78A00BA15E5 /* RealmContact.swift */ = {isa = PBXFileReference; lastKnownFileType = sourcecode.swift; path = RealmContact.swift; sourceTree = "<group>"; };
		F7FDBE892330B95A00BA15E5 /* StorageService.swift */ = {isa = PBXFileReference; lastKnownFileType = sourcecode.swift; path = StorageService.swift; sourceTree = "<group>"; };
		F7FDBE8C2330B9EA00BA15E5 /* Contact.swift */ = {isa = PBXFileReference; lastKnownFileType = sourcecode.swift; path = Contact.swift; sourceTree = "<group>"; };
		F7FDBE90233392A300BA15E5 /* ImagePickerCoordinator.swift */ = {isa = PBXFileReference; fileEncoding = 4; lastKnownFileType = sourcecode.swift; path = ImagePickerCoordinator.swift; sourceTree = "<group>"; };
		F7FDBE9223348A2800BA15E5 /* UILocalizedIndexedCollation+PartitionObjects.swift */ = {isa = PBXFileReference; lastKnownFileType = sourcecode.swift; path = "UILocalizedIndexedCollation+PartitionObjects.swift"; sourceTree = "<group>"; };
		F7FDBE9423349DAF00BA15E5 /* AppError.swift */ = {isa = PBXFileReference; lastKnownFileType = sourcecode.swift; path = AppError.swift; sourceTree = "<group>"; };
		F7FDBE982339BA6A00BA15E5 /* StorageService+Contacts.swift */ = {isa = PBXFileReference; lastKnownFileType = sourcecode.swift; path = "StorageService+Contacts.swift"; sourceTree = "<group>"; };
		F7FDBE962334A6BB00BA15E5 /* SearchResultsUpdater.swift */ = {isa = PBXFileReference; lastKnownFileType = sourcecode.swift; path = SearchResultsUpdater.swift; sourceTree = "<group>"; };
		FC25C2660F4D4D3A124C7348 /* Pods-ios_contacts_app.release.xcconfig */ = {isa = PBXFileReference; includeInIndex = 1; lastKnownFileType = text.xcconfig; name = "Pods-ios_contacts_app.release.xcconfig"; path = "Target Support Files/Pods-ios_contacts_app/Pods-ios_contacts_app.release.xcconfig"; sourceTree = "<group>"; };
/* End PBXFileReference section */

/* Begin PBXFrameworksBuildPhase section */
		F7FDBE2B232A6C0500BA15E5 /* Frameworks */ = {
			isa = PBXFrameworksBuildPhase;
			buildActionMask = 2147483647;
			files = (
				9E17CFD5B8D1AF6BBCCA787A /* Pods_ios_contacts_app.framework in Frameworks */,
			);
			runOnlyForDeploymentPostprocessing = 0;
		};
/* End PBXFrameworksBuildPhase section */

/* Begin PBXGroup section */
		CC1219A23D89DE587132FA68 /* Frameworks */ = {
			isa = PBXGroup;
			children = (
				CA46AF13AF221AFE227F103A /* Pods_ios_contacts_app.framework */,
			);
			name = Frameworks;
			sourceTree = "<group>";
		};
		CC8E559D9ACAD9510C9A8016 /* Pods */ = {
			isa = PBXGroup;
			children = (
				42318E08B1DAD402DE400A27 /* Pods-ios_contacts_app.debug.xcconfig */,
				FC25C2660F4D4D3A124C7348 /* Pods-ios_contacts_app.release.xcconfig */,
			);
			path = Pods;
			sourceTree = "<group>";
		};
		F7FDBE25232A6C0500BA15E5 = {
			isa = PBXGroup;
			children = (
				F7FDBE30232A6C0500BA15E5 /* ios_contacts_app */,
				F7FDBE2F232A6C0500BA15E5 /* Products */,
				CC8E559D9ACAD9510C9A8016 /* Pods */,
				CC1219A23D89DE587132FA68 /* Frameworks */,
			);
			sourceTree = "<group>";
		};
		F7FDBE2F232A6C0500BA15E5 /* Products */ = {
			isa = PBXGroup;
			children = (
				F7FDBE2E232A6C0500BA15E5 /* ios_contacts_app.app */,
			);
			name = Products;
			sourceTree = "<group>";
		};
		F7FDBE30232A6C0500BA15E5 /* ios_contacts_app */ = {
			isa = PBXGroup;
			children = (
				F7FDBE862330B77600BA15E5 /* Models */,
				F7FDBE73232F8D3500BA15E5 /* Services */,
				F7FDBE55232B436F00BA15E5 /* Helpers */,
				F7FDBE6A232B733000BA15E5 /* Values */,
				F7FDBE43232B3FB800BA15E5 /* Modules */,
				F7FDBE31232A6C0500BA15E5 /* AppDelegate.swift */,
				F7FDBE38232A6C0500BA15E5 /* Assets.xcassets */,
				F7FDBE3A232A6C0500BA15E5 /* LaunchScreen.storyboard */,
				F7FDBE3D232A6C0500BA15E5 /* Info.plist */,
			);
			path = ios_contacts_app;
			sourceTree = "<group>";
		};
		F7FDBE43232B3FB800BA15E5 /* Modules */ = {
			isa = PBXGroup;
			children = (
				F7FDBE4B232B406300BA15E5 /* ContactEdit */,
				F7FDBE4A232B405300BA15E5 /* ContactDetails */,
				F7FDBE49232B404A00BA15E5 /* ContactsList */,
				F7FDBE44232B3FD400BA15E5 /* Coordinator.swift */,
				F7FDBE90233392A300BA15E5 /* ImagePickerCoordinator.swift */,
				F7FDBE47232B400400BA15E5 /* AppCoordinator.swift */,
			);
			path = Modules;
			sourceTree = "<group>";
		};
		F7FDBE49232B404A00BA15E5 /* ContactsList */ = {
			isa = PBXGroup;
			children = (
				F7FDBE60232B48E800BA15E5 /* ContactsListViewController.swift */,
				F7FDBE61232B48E800BA15E5 /* ContactsListViewController.xib */,
				F7FDBE962334A6BB00BA15E5 /* SearchResultsUpdater.swift */,
				F7FDBE64232B494400BA15E5 /* ContactsListViewModel.swift */,
				F7FDBE66232B495500BA15E5 /* ContactsListCoordinator.swift */,
			);
			path = ContactsList;
			sourceTree = "<group>";
		};
		F7FDBE4A232B405300BA15E5 /* ContactDetails */ = {
			isa = PBXGroup;
			children = (
				F7FDBE58232B479500BA15E5 /* ContactDetailsViewController.swift */,
				F7FDBE59232B479500BA15E5 /* ContactDetailsViewController.xib */,
				F7FDBE5C232B47CA00BA15E5 /* ContactDetailsViewModel.swift */,
				F7FDBE5E232B480500BA15E5 /* ContactDetailsCoordinator.swift */,
			);
			path = ContactDetails;
			sourceTree = "<group>";
		};
		F7FDBE4B232B406300BA15E5 /* ContactEdit */ = {
			isa = PBXGroup;
			children = (
				F7FDBE4D232B427B00BA15E5 /* ContactEditViewController.swift */,
				F7FDBE4E232B427B00BA15E5 /* ContactEditViewController.xib */,
				F7FDBE51232B428C00BA15E5 /* ContactEditViewModel.swift */,
				F7FDBE53232B429F00BA15E5 /* ContactEditCoordinator.swift */,
				F7FDBE68232B6FA000BA15E5 /* RingtonePickerView.swift */,
				F7FDBE6D232B77A800BA15E5 /* RingtoneToolbarView.swift */,
				F7FDBE6F232F826100BA15E5 /* RingtonePickerViewModel.swift */,
				F7FDBE71232F87F100BA15E5 /* RingtoneToolbarViewModel.swift */,
			);
			path = ContactEdit;
			sourceTree = "<group>";
		};
		F7FDBE55232B436F00BA15E5 /* Helpers */ = {
			isa = PBXGroup;
			children = (
				F7FDBE852330B4A200BA15E5 /* ios_contacts_app-Bridging-Header.h */,
				F7FDBE8123309EF400BA15E5 /* UIScrollView+TPKeyboardAvoidingAdditions.h */,
				F7FDBE8023309EF400BA15E5 /* UIScrollView+TPKeyboardAvoidingAdditions.m */,
				F7FDBE7E23309ECF00BA15E5 /* TPKeyboardAvoidingScrollView.h */,
				F7FDBE7D23309ECF00BA15E5 /* TPKeyboardAvoidingScrollView.m */,
				F7FDBE56232B43CD00BA15E5 /* Dynamic.swift */,
				F7FDBE76232F953D00BA15E5 /* UIColor+RGBA.swift */,
				F7FDBE78232F9DA000BA15E5 /* ImagePickerHandler.swift */,
				F7FDBE832330A30F00BA15E5 /* UIViewController+inputAccessory.swift */,
				F7FDBE9223348A2800BA15E5 /* UILocalizedIndexedCollation+PartitionObjects.swift */,
			);
			path = Helpers;
			sourceTree = "<group>";
		};
		F7FDBE6A232B733000BA15E5 /* Values */ = {
			isa = PBXGroup;
			children = (
				F7FDBE6B232B733F00BA15E5 /* Colors.swift */,
				F7FDBE9423349DAF00BA15E5 /* AppError.swift */,
			);
			path = Values;
			sourceTree = "<group>";
		};
		F7FDBE73232F8D3500BA15E5 /* Services */ = {
			isa = PBXGroup;
			children = (
				F7FDBE74232F8D4700BA15E5 /* RingtoneService.swift */,
				F7FDBE892330B95A00BA15E5 /* StorageService.swift */,
				F7FDBE982339BA6A00BA15E5 /* StorageService+Contacts.swift */,
			);
			name = Services;
			path = ..;
			sourceTree = "<group>";
		};
		F7FDBE862330B77600BA15E5 /* Models */ = {
			isa = PBXGroup;
			children = (
				F7FDBE8B2330B9BD00BA15E5 /* RealmModels */,
				F7FDBE8C2330B9EA00BA15E5 /* Contact.swift */,
			);
			path = Models;
			sourceTree = "<group>";
		};
		F7FDBE8B2330B9BD00BA15E5 /* RealmModels */ = {
			isa = PBXGroup;
			children = (
				F7FDBE872330B78A00BA15E5 /* RealmContact.swift */,
			);
			path = RealmModels;
			sourceTree = "<group>";
		};
/* End PBXGroup section */

/* Begin PBXNativeTarget section */
		F7FDBE2D232A6C0500BA15E5 /* ios_contacts_app */ = {
			isa = PBXNativeTarget;
			buildConfigurationList = F7FDBE40232A6C0500BA15E5 /* Build configuration list for PBXNativeTarget "ios_contacts_app" */;
			buildPhases = (
				92D247AB48D78D77C916C87C /* [CP] Check Pods Manifest.lock */,
				F7FDBE2A232A6C0500BA15E5 /* Sources */,
				F7FDBE2B232A6C0500BA15E5 /* Frameworks */,
				F7FDBE2C232A6C0500BA15E5 /* Resources */,
				B9910AEECB7A5D514A6B55A3 /* [CP] Embed Pods Frameworks */,
				F7FDBE4C232B41A200BA15E5 /* ShellScript */,
			);
			buildRules = (
			);
			dependencies = (
			);
			name = ios_contacts_app;
			productName = ios_contacts_app;
			productReference = F7FDBE2E232A6C0500BA15E5 /* ios_contacts_app.app */;
			productType = "com.apple.product-type.application";
		};
/* End PBXNativeTarget section */

/* Begin PBXProject section */
		F7FDBE26232A6C0500BA15E5 /* Project object */ = {
			isa = PBXProject;
			attributes = {
				LastSwiftUpdateCheck = 1030;
				LastUpgradeCheck = 1030;
				ORGANIZATIONNAME = "iOS Intern";
				TargetAttributes = {
					F7FDBE2D232A6C0500BA15E5 = {
						CreatedOnToolsVersion = 10.3;
						LastSwiftMigration = 1030;
					};
				};
			};
			buildConfigurationList = F7FDBE29232A6C0500BA15E5 /* Build configuration list for PBXProject "ios_contacts_app" */;
			compatibilityVersion = "Xcode 9.3";
			developmentRegion = en;
			hasScannedForEncodings = 0;
			knownRegions = (
				en,
				Base,
			);
			mainGroup = F7FDBE25232A6C0500BA15E5;
			productRefGroup = F7FDBE2F232A6C0500BA15E5 /* Products */;
			projectDirPath = "";
			projectRoot = "";
			targets = (
				F7FDBE2D232A6C0500BA15E5 /* ios_contacts_app */,
			);
		};
/* End PBXProject section */

/* Begin PBXResourcesBuildPhase section */
		F7FDBE2C232A6C0500BA15E5 /* Resources */ = {
			isa = PBXResourcesBuildPhase;
			buildActionMask = 2147483647;
			files = (
				F7FDBE63232B48E800BA15E5 /* ContactsListViewController.xib in Resources */,
				F7FDBE5B232B479500BA15E5 /* ContactDetailsViewController.xib in Resources */,
				F7FDBE3C232A6C0500BA15E5 /* LaunchScreen.storyboard in Resources */,
				F7FDBE50232B427B00BA15E5 /* ContactEditViewController.xib in Resources */,
				F7FDBE39232A6C0500BA15E5 /* Assets.xcassets in Resources */,
			);
			runOnlyForDeploymentPostprocessing = 0;
		};
/* End PBXResourcesBuildPhase section */

/* Begin PBXShellScriptBuildPhase section */
		92D247AB48D78D77C916C87C /* [CP] Check Pods Manifest.lock */ = {
			isa = PBXShellScriptBuildPhase;
			buildActionMask = 2147483647;
			files = (
			);
			inputFileListPaths = (
			);
			inputPaths = (
				"${PODS_PODFILE_DIR_PATH}/Podfile.lock",
				"${PODS_ROOT}/Manifest.lock",
			);
			name = "[CP] Check Pods Manifest.lock";
			outputFileListPaths = (
			);
			outputPaths = (
				"$(DERIVED_FILE_DIR)/Pods-ios_contacts_app-checkManifestLockResult.txt",
			);
			runOnlyForDeploymentPostprocessing = 0;
			shellPath = /bin/sh;
			shellScript = "diff \"${PODS_PODFILE_DIR_PATH}/Podfile.lock\" \"${PODS_ROOT}/Manifest.lock\" > /dev/null\nif [ $? != 0 ] ; then\n    # print error to STDERR\n    echo \"error: The sandbox is not in sync with the Podfile.lock. Run 'pod install' or update your CocoaPods installation.\" >&2\n    exit 1\nfi\n# This output is used by Xcode 'outputs' to avoid re-running this script phase.\necho \"SUCCESS\" > \"${SCRIPT_OUTPUT_FILE_0}\"\n";
			showEnvVarsInLog = 0;
		};
		B9910AEECB7A5D514A6B55A3 /* [CP] Embed Pods Frameworks */ = {
			isa = PBXShellScriptBuildPhase;
			buildActionMask = 2147483647;
			files = (
			);
			inputFileListPaths = (
				"${PODS_ROOT}/Target Support Files/Pods-ios_contacts_app/Pods-ios_contacts_app-frameworks-${CONFIGURATION}-input-files.xcfilelist",
			);
			name = "[CP] Embed Pods Frameworks";
			outputFileListPaths = (
				"${PODS_ROOT}/Target Support Files/Pods-ios_contacts_app/Pods-ios_contacts_app-frameworks-${CONFIGURATION}-output-files.xcfilelist",
			);
			runOnlyForDeploymentPostprocessing = 0;
			shellPath = /bin/sh;
			shellScript = "\"${PODS_ROOT}/Target Support Files/Pods-ios_contacts_app/Pods-ios_contacts_app-frameworks.sh\"\n";
			showEnvVarsInLog = 0;
		};
		F7FDBE4C232B41A200BA15E5 /* ShellScript */ = {
			isa = PBXShellScriptBuildPhase;
			buildActionMask = 2147483647;
			files = (
			);
			inputFileListPaths = (
			);
			inputPaths = (
			);
			outputFileListPaths = (
			);
			outputPaths = (
			);
			runOnlyForDeploymentPostprocessing = 0;
			shellPath = /bin/sh;
			shellScript = "\"${PODS_ROOT}/SwiftLint/swiftlint\"\n";
		};
/* End PBXShellScriptBuildPhase section */

/* Begin PBXSourcesBuildPhase section */
		F7FDBE2A232A6C0500BA15E5 /* Sources */ = {
			isa = PBXSourcesBuildPhase;
			buildActionMask = 2147483647;
			files = (
				F7FDBE882330B78A00BA15E5 /* RealmContact.swift in Sources */,
				F7FDBE75232F8D4700BA15E5 /* RingtoneService.swift in Sources */,
				F7FDBE52232B428C00BA15E5 /* ContactEditViewModel.swift in Sources */,
				F7FDBE6C232B733F00BA15E5 /* Colors.swift in Sources */,
				F7FDBE65232B494400BA15E5 /* ContactsListViewModel.swift in Sources */,
				F7FDBE70232F826100BA15E5 /* RingtonePickerViewModel.swift in Sources */,
				F7FDBE54232B429F00BA15E5 /* ContactEditCoordinator.swift in Sources */,
				F7FDBE8A2330B95A00BA15E5 /* StorageService.swift in Sources */,
				F7FDBE5D232B47CA00BA15E5 /* ContactDetailsViewModel.swift in Sources */,
				F7FDBE67232B495500BA15E5 /* ContactsListCoordinator.swift in Sources */,
				F7FDBE992339BA6A00BA15E5 /* StorageService+Contacts.swift in Sources */,
				F7FDBE842330A30F00BA15E5 /* UIViewController+inputAccessory.swift in Sources */,
				F7FDBE48232B400400BA15E5 /* AppCoordinator.swift in Sources */,
				F7FDBE9523349DAF00BA15E5 /* AppError.swift in Sources */,
				F7FDBE5F232B480500BA15E5 /* ContactDetailsCoordinator.swift in Sources */,
				F7FDBE6E232B77A800BA15E5 /* RingtoneToolbarView.swift in Sources */,
				F7FDBE972334A6BB00BA15E5 /* SearchResultsUpdater.swift in Sources */,
				F7FDBE72232F87F100BA15E5 /* RingtoneToolbarViewModel.swift in Sources */,
				F7FDBE57232B43CD00BA15E5 /* Dynamic.swift in Sources */,
				F7FDBE8223309EF400BA15E5 /* UIScrollView+TPKeyboardAvoidingAdditions.m in Sources */,
				F7FDBE45232B3FD400BA15E5 /* Coordinator.swift in Sources */,
				F7FDBE62232B48E800BA15E5 /* ContactsListViewController.swift in Sources */,
				F7FDBE4F232B427B00BA15E5 /* ContactEditViewController.swift in Sources */,
				F7FDBE8D2330B9EA00BA15E5 /* Contact.swift in Sources */,
				F7FDBE79232F9DA000BA15E5 /* ImagePickerHandler.swift in Sources */,
				F7FDBE91233392A300BA15E5 /* ImagePickerCoordinator.swift in Sources */,
				F7FDBE5A232B479500BA15E5 /* ContactDetailsViewController.swift in Sources */,
				F7FDBE77232F953D00BA15E5 /* UIColor+RGBA.swift in Sources */,
				F7FDBE32232A6C0500BA15E5 /* AppDelegate.swift in Sources */,
				F7FDBE9323348A2800BA15E5 /* UILocalizedIndexedCollation+PartitionObjects.swift in Sources */,
				F7FDBE7F23309ECF00BA15E5 /* TPKeyboardAvoidingScrollView.m in Sources */,
				F7FDBE69232B6FA000BA15E5 /* RingtonePickerView.swift in Sources */,
			);
			runOnlyForDeploymentPostprocessing = 0;
		};
/* End PBXSourcesBuildPhase section */

/* Begin PBXVariantGroup section */
		F7FDBE3A232A6C0500BA15E5 /* LaunchScreen.storyboard */ = {
			isa = PBXVariantGroup;
			children = (
				F7FDBE3B232A6C0500BA15E5 /* Base */,
			);
			name = LaunchScreen.storyboard;
			sourceTree = "<group>";
		};
/* End PBXVariantGroup section */

/* Begin XCBuildConfiguration section */
		F7FDBE3E232A6C0500BA15E5 /* Debug */ = {
			isa = XCBuildConfiguration;
			buildSettings = {
				ALWAYS_SEARCH_USER_PATHS = NO;
				CLANG_ANALYZER_NONNULL = YES;
				CLANG_ANALYZER_NUMBER_OBJECT_CONVERSION = YES_AGGRESSIVE;
				CLANG_CXX_LANGUAGE_STANDARD = "gnu++14";
				CLANG_CXX_LIBRARY = "libc++";
				CLANG_ENABLE_MODULES = YES;
				CLANG_ENABLE_OBJC_ARC = YES;
				CLANG_ENABLE_OBJC_WEAK = YES;
				CLANG_WARN_BLOCK_CAPTURE_AUTORELEASING = YES;
				CLANG_WARN_BOOL_CONVERSION = YES;
				CLANG_WARN_COMMA = YES;
				CLANG_WARN_CONSTANT_CONVERSION = YES;
				CLANG_WARN_DEPRECATED_OBJC_IMPLEMENTATIONS = YES;
				CLANG_WARN_DIRECT_OBJC_ISA_USAGE = YES_ERROR;
				CLANG_WARN_DOCUMENTATION_COMMENTS = YES;
				CLANG_WARN_EMPTY_BODY = YES;
				CLANG_WARN_ENUM_CONVERSION = YES;
				CLANG_WARN_INFINITE_RECURSION = YES;
				CLANG_WARN_INT_CONVERSION = YES;
				CLANG_WARN_NON_LITERAL_NULL_CONVERSION = YES;
				CLANG_WARN_OBJC_IMPLICIT_RETAIN_SELF = YES;
				CLANG_WARN_OBJC_LITERAL_CONVERSION = YES;
				CLANG_WARN_OBJC_ROOT_CLASS = YES_ERROR;
				CLANG_WARN_RANGE_LOOP_ANALYSIS = YES;
				CLANG_WARN_STRICT_PROTOTYPES = YES;
				CLANG_WARN_SUSPICIOUS_MOVE = YES;
				CLANG_WARN_UNGUARDED_AVAILABILITY = YES_AGGRESSIVE;
				CLANG_WARN_UNREACHABLE_CODE = YES;
				CLANG_WARN__DUPLICATE_METHOD_MATCH = YES;
				CODE_SIGN_IDENTITY = "iPhone Developer";
				COPY_PHASE_STRIP = NO;
				DEBUG_INFORMATION_FORMAT = dwarf;
				ENABLE_STRICT_OBJC_MSGSEND = YES;
				ENABLE_TESTABILITY = YES;
				GCC_C_LANGUAGE_STANDARD = gnu11;
				GCC_DYNAMIC_NO_PIC = NO;
				GCC_NO_COMMON_BLOCKS = YES;
				GCC_OPTIMIZATION_LEVEL = 0;
				GCC_PREPROCESSOR_DEFINITIONS = (
					"DEBUG=1",
					"$(inherited)",
				);
				GCC_WARN_64_TO_32_BIT_CONVERSION = YES;
				GCC_WARN_ABOUT_RETURN_TYPE = YES_ERROR;
				GCC_WARN_UNDECLARED_SELECTOR = YES;
				GCC_WARN_UNINITIALIZED_AUTOS = YES_AGGRESSIVE;
				GCC_WARN_UNUSED_FUNCTION = YES;
				GCC_WARN_UNUSED_VARIABLE = YES;
				IPHONEOS_DEPLOYMENT_TARGET = 12.4;
				MTL_ENABLE_DEBUG_INFO = INCLUDE_SOURCE;
				MTL_FAST_MATH = YES;
				ONLY_ACTIVE_ARCH = YES;
				SDKROOT = iphoneos;
				SWIFT_ACTIVE_COMPILATION_CONDITIONS = DEBUG;
				SWIFT_OPTIMIZATION_LEVEL = "-Onone";
			};
			name = Debug;
		};
		F7FDBE3F232A6C0500BA15E5 /* Release */ = {
			isa = XCBuildConfiguration;
			buildSettings = {
				ALWAYS_SEARCH_USER_PATHS = NO;
				CLANG_ANALYZER_NONNULL = YES;
				CLANG_ANALYZER_NUMBER_OBJECT_CONVERSION = YES_AGGRESSIVE;
				CLANG_CXX_LANGUAGE_STANDARD = "gnu++14";
				CLANG_CXX_LIBRARY = "libc++";
				CLANG_ENABLE_MODULES = YES;
				CLANG_ENABLE_OBJC_ARC = YES;
				CLANG_ENABLE_OBJC_WEAK = YES;
				CLANG_WARN_BLOCK_CAPTURE_AUTORELEASING = YES;
				CLANG_WARN_BOOL_CONVERSION = YES;
				CLANG_WARN_COMMA = YES;
				CLANG_WARN_CONSTANT_CONVERSION = YES;
				CLANG_WARN_DEPRECATED_OBJC_IMPLEMENTATIONS = YES;
				CLANG_WARN_DIRECT_OBJC_ISA_USAGE = YES_ERROR;
				CLANG_WARN_DOCUMENTATION_COMMENTS = YES;
				CLANG_WARN_EMPTY_BODY = YES;
				CLANG_WARN_ENUM_CONVERSION = YES;
				CLANG_WARN_INFINITE_RECURSION = YES;
				CLANG_WARN_INT_CONVERSION = YES;
				CLANG_WARN_NON_LITERAL_NULL_CONVERSION = YES;
				CLANG_WARN_OBJC_IMPLICIT_RETAIN_SELF = YES;
				CLANG_WARN_OBJC_LITERAL_CONVERSION = YES;
				CLANG_WARN_OBJC_ROOT_CLASS = YES_ERROR;
				CLANG_WARN_RANGE_LOOP_ANALYSIS = YES;
				CLANG_WARN_STRICT_PROTOTYPES = YES;
				CLANG_WARN_SUSPICIOUS_MOVE = YES;
				CLANG_WARN_UNGUARDED_AVAILABILITY = YES_AGGRESSIVE;
				CLANG_WARN_UNREACHABLE_CODE = YES;
				CLANG_WARN__DUPLICATE_METHOD_MATCH = YES;
				CODE_SIGN_IDENTITY = "iPhone Developer";
				COPY_PHASE_STRIP = NO;
				DEBUG_INFORMATION_FORMAT = "dwarf-with-dsym";
				ENABLE_NS_ASSERTIONS = NO;
				ENABLE_STRICT_OBJC_MSGSEND = YES;
				GCC_C_LANGUAGE_STANDARD = gnu11;
				GCC_NO_COMMON_BLOCKS = YES;
				GCC_WARN_64_TO_32_BIT_CONVERSION = YES;
				GCC_WARN_ABOUT_RETURN_TYPE = YES_ERROR;
				GCC_WARN_UNDECLARED_SELECTOR = YES;
				GCC_WARN_UNINITIALIZED_AUTOS = YES_AGGRESSIVE;
				GCC_WARN_UNUSED_FUNCTION = YES;
				GCC_WARN_UNUSED_VARIABLE = YES;
				IPHONEOS_DEPLOYMENT_TARGET = 12.4;
				MTL_ENABLE_DEBUG_INFO = NO;
				MTL_FAST_MATH = YES;
				SDKROOT = iphoneos;
				SWIFT_COMPILATION_MODE = wholemodule;
				SWIFT_OPTIMIZATION_LEVEL = "-O";
				VALIDATE_PRODUCT = YES;
			};
			name = Release;
		};
		F7FDBE41232A6C0500BA15E5 /* Debug */ = {
			isa = XCBuildConfiguration;
			baseConfigurationReference = 42318E08B1DAD402DE400A27 /* Pods-ios_contacts_app.debug.xcconfig */;
			buildSettings = {
				ASSETCATALOG_COMPILER_APPICON_NAME = AppIcon;
				CLANG_ENABLE_MODULES = YES;
				CODE_SIGN_STYLE = Automatic;
				INFOPLIST_FILE = ios_contacts_app/Info.plist;
				LD_RUNPATH_SEARCH_PATHS = (
					"$(inherited)",
					"@executable_path/Frameworks",
				);
				PRODUCT_BUNDLE_IDENTIFIER = "kode.ios-contacts-app";
				PRODUCT_NAME = "$(TARGET_NAME)";
				SWIFT_OBJC_BRIDGING_HEADER = "ios_contacts_app/Helpers/ios_contacts_app-Bridging-Header.h";
				SWIFT_OPTIMIZATION_LEVEL = "-Onone";
				SWIFT_VERSION = 5.0;
				TARGETED_DEVICE_FAMILY = "1,2";
			};
			name = Debug;
		};
		F7FDBE42232A6C0500BA15E5 /* Release */ = {
			isa = XCBuildConfiguration;
			baseConfigurationReference = FC25C2660F4D4D3A124C7348 /* Pods-ios_contacts_app.release.xcconfig */;
			buildSettings = {
				ASSETCATALOG_COMPILER_APPICON_NAME = AppIcon;
				CLANG_ENABLE_MODULES = YES;
				CODE_SIGN_STYLE = Automatic;
				INFOPLIST_FILE = ios_contacts_app/Info.plist;
				LD_RUNPATH_SEARCH_PATHS = (
					"$(inherited)",
					"@executable_path/Frameworks",
				);
				PRODUCT_BUNDLE_IDENTIFIER = "kode.ios-contacts-app";
				PRODUCT_NAME = "$(TARGET_NAME)";
				SWIFT_OBJC_BRIDGING_HEADER = "ios_contacts_app/Helpers/ios_contacts_app-Bridging-Header.h";
				SWIFT_VERSION = 5.0;
				TARGETED_DEVICE_FAMILY = "1,2";
			};
			name = Release;
		};
/* End XCBuildConfiguration section */

/* Begin XCConfigurationList section */
		F7FDBE29232A6C0500BA15E5 /* Build configuration list for PBXProject "ios_contacts_app" */ = {
			isa = XCConfigurationList;
			buildConfigurations = (
				F7FDBE3E232A6C0500BA15E5 /* Debug */,
				F7FDBE3F232A6C0500BA15E5 /* Release */,
			);
			defaultConfigurationIsVisible = 0;
			defaultConfigurationName = Release;
		};
		F7FDBE40232A6C0500BA15E5 /* Build configuration list for PBXNativeTarget "ios_contacts_app" */ = {
			isa = XCConfigurationList;
			buildConfigurations = (
				F7FDBE41232A6C0500BA15E5 /* Debug */,
				F7FDBE42232A6C0500BA15E5 /* Release */,
			);
			defaultConfigurationIsVisible = 0;
			defaultConfigurationName = Release;
		};
/* End XCConfigurationList section */
	};
	rootObject = F7FDBE26232A6C0500BA15E5 /* Project object */;
}
